
Microsoft Visual Studio Solution File, Format Version 12.00
# Visual Studio Version 16
VisualStudioVersion = 16.0.29503.13
MinimumVisualStudioVersion = 10.0.40219.1
Project("{8BC9CEB8-8B4A-11D0-8D11-00A0C91BC942}") = "P10", "P10\P10.vcxproj", "{8F75BA89-5123-4033-86A5-140E58988E94}"
EndProject
Global
	GlobalSection(SolutionConfigurationPlatforms) = preSolution
		Debug|x64 = Debug|x64
		Debug|x86 = Debug|x86
		Release|x64 = Release|x64
		Release|x86 = Release|x86
	EndGlobalSection
	GlobalSection(ProjectConfigurationPlatforms) = postSolution
		{8F75BA89-5123-4033-86A5-140E58988E94}.Debug|x64.ActiveCfg = Debug|x64
		{8F75BA89-5123-4033-86A5-140E58988E94}.Debug|x64.Build.0 = Debug|x64
		{8F75BA89-5123-4033-86A5-140E58988E94}.Debug|x86.ActiveCfg = Debug|Win32
		{8F75BA89-5123-4033-86A5-140E58988E94}.Debug|x86.Build.0 = Debug|Win32
		{8F75BA89-5123-4033-86A5-140E58988E94}.Release|x64.ActiveCfg = Release|x64
		{8F75BA89-5123-4033-86A5-140E58988E94}.Release|x64.Build.0 = Release|x64
		{8F75BA89-5123-4033-86A5-140E58988E94}.Release|x86.ActiveCfg = Release|Win32
		{8F75BA89-5123-4033-86A5-140E58988E94}.Release|x86.Build.0 = Release|Win32
	EndGlobalSection
	GlobalSection(SolutionProperties) = preSolution
		HideSolutionNode = FALSE
	EndGlobalSection
	GlobalSection(ExtensibilityGlobals) = postSolution
		SolutionGuid = {999F52F3-C704-4A7E-AA35-5327425185CC}
	EndGlobalSection
EndGlobal
